
Microsoft Visual Studio Solution File, Format Version 12.00
# Visual Studio Version 17
VisualStudioVersion = 17.13.35825.156 d17.13
MinimumVisualStudioVersion = 10.0.40219.1
Project("{FAE04EC0-301F-11D3-BF4B-00C04F79EFBC}") = "PiecOfArt Project", "PiecOfArt Project\PiecOfArt Project.csproj", "{27B04A2E-BF8B-4202-B332-9F14B6F8B932}"
EndProject
Global
	GlobalSection(SolutionConfigurationPlatforms) = preSolution
		Debug|Any CPU = Debug|Any CPU
		Release|Any CPU = Release|Any CPU
	EndGlobalSection
	GlobalSection(ProjectConfigurationPlatforms) = postSolution
		{27B04A2E-BF8B-4202-B332-9F14B6F8B932}.Debug|Any CPU.ActiveCfg = Debug|Any CPU
		{27B04A2E-BF8B-4202-B332-9F14B6F8B932}.Debug|Any CPU.Build.0 = Debug|Any CPU
		{27B04A2E-BF8B-4202-B332-9F14B6F8B932}.Release|Any CPU.ActiveCfg = Release|Any CPU
		{27B04A2E-BF8B-4202-B332-9F14B6F8B932}.Release|Any CPU.Build.0 = Release|Any CPU
	EndGlobalSection
	GlobalSection(SolutionProperties) = preSolution
		HideSolutionNode = FALSE
	EndGlobalSection
	GlobalSection(ExtensibilityGlobals) = postSolution
		SolutionGuid = {824752D7-5CDB-4B25-8D94-2DEA868350D0}
	EndGlobalSection
EndGlobal
